{
  "name": "homebridge-rpi",
  "version": "2.0.0-8",
  "lockfileVersion": 3,
  "requires": true,
  "packages": {
    "": {
      "name": "homebridge-rpi",
      "version": "2.0.0-8",
      "funding": [
        {
          "type": "github",
          "url": "https://github.com/sponsors/ebaauw"
        },
        {
          "type": "paypal",
          "url": "https://www.paypal.me/ebaauw/EUR"
        }
      ],
      "license": "Apache-2.0",
      "dependencies": {
        "hb-rpi-tools": "~0.0.4",
        "homebridge-lib": "~7.3.1"
      },
      "bin": {
        "rpi": "cli/rpi.js"
      },
      "engines": {
        "homebridge": "^1.11.2||^2.0.0-beta",
        "node": "^24||^22||^20"
      }
    },
    "node_modules/@homebridge/plugin-ui-utils": {
      "version": "2.1.3",
      "resolved": "https://registry.npmjs.org/@homebridge/plugin-ui-utils/-/plugin-ui-utils-2.1.3.tgz",
      "integrity": "sha512-2oPBO+f6dNN0mUOmv0DnrGT4LyibaXEf/yLeObVv0pnJMO7dnS8XyEObHBsCPrsRecm5+N+8/qnbi2UzXTdMKQ==",
      "license": "MIT"
    },
    "node_modules/@leichtgewicht/ip-codec": {
      "version": "2.0.5",
      "resolved": "https://registry.npmjs.org/@leichtgewicht/ip-codec/-/ip-codec-2.0.5.tgz",
      "integrity": "sha512-Vo+PSpZG2/fmgmiNzYK9qWRh8h/CHrwD0mo1h1DzL4yzHNSfWYujGTYsWGreD000gcgmZ7K4Ys6Tx9TxtsKdDw==",
      "license": "MIT"
    },
    "node_modules/bonjour-hap": {
      "version": "3.10.0",
      "resolved": "https://registry.npmjs.org/bonjour-hap/-/bonjour-hap-3.10.0.tgz",
      "integrity": "sha512-2/jKd5X4WgvRQXIjwMtc26nT1cuD0DbAwmVJ9vq/IVvWUNxL7Tce3valQUXnkQ0yL38/jSmrXAUL2nPGZB9hGg==",
      "license": "MIT",
      "dependencies": {
        "fast-deep-equal": "^3.1.3",
        "multicast-dns": "^7.2.5",
        "multicast-dns-service-types": "^1.1.0"
      }
    },
    "node_modules/chalk": {
      "version": "5.6.2",
      "resolved": "https://registry.npmjs.org/chalk/-/chalk-5.6.2.tgz",
      "integrity": "sha512-7NzBL0rN6fMUW+f7A6Io4h40qQlG+xGmtMxfbnH/K7TAtt8JQWVQK+6g0UXKMeVJoyV5EkkNsErQ8pVD3bLHbA==",
      "license": "MIT",
      "engines": {
        "node": "^12.17.0 || ^14.13 || >=16.0.0"
      },
      "funding": {
        "url": "https://github.com/chalk/chalk?sponsor=1"
      }
    },
    "node_modules/dns-packet": {
      "version": "5.6.1",
      "resolved": "https://registry.npmjs.org/dns-packet/-/dns-packet-5.6.1.tgz",
      "integrity": "sha512-l4gcSouhcgIKRvyy99RNVOgxXiicE+2jZoNmaNmZ6JXiGajBOJAesk1OBlJuM5k2c+eudGdLxDqXuPCKIj6kpw==",
      "license": "MIT",
      "dependencies": {
        "@leichtgewicht/ip-codec": "^2.0.1"
      },
      "engines": {
        "node": ">=6"
      }
    },
    "node_modules/fast-deep-equal": {
      "version": "3.1.3",
      "resolved": "https://registry.npmjs.org/fast-deep-equal/-/fast-deep-equal-3.1.3.tgz",
      "integrity": "sha512-f3qQ9oQy9j2AhBe/H9VC91wLmKBCCU/gDOnKNAYG5hswO7BLKj09Hc5HYNz9cGI++xlpDCIgDaitVs03ATR84Q==",
      "license": "MIT"
    },
    "node_modules/hb-lib-tools": {
      "version": "2.2.17",
      "resolved": "https://registry.npmjs.org/hb-lib-tools/-/hb-lib-tools-2.2.17.tgz",
      "integrity": "sha512-Wz24QorEdsgX4HfRaChCQtNB7W8XM8XXbIArfdk7pmKICyggh32M6g5UfA4c2CPvQHj3ClwdvwistPxDWeRNdQ==",
      "license": "Apache-2.0",
      "dependencies": {
        "bonjour-hap": "^3.10.0",
        "chalk": "^5.6.2",
        "semver": "^7.7.4"
      },
      "bin": {
        "hap": "cli/hap.js",
        "json": "cli/json.js",
        "sysinfo": "cli/sysinfo.js",
        "upnp": "cli/upnp.js"
      },
      "engines": {
        "node": "24.13.1||^24||^22||^20"
      }
    },
    "node_modules/hb-rpi-tools": {
      "version": "0.0.4",
      "resolved": "https://registry.npmjs.org/hb-rpi-tools/-/hb-rpi-tools-0.0.4.tgz",
      "integrity": "sha512-C5CXCzinK+6jEZz3PPfqZuMREdNw7FvzZA9HKx2sY/7QMR3GSb14yjlYFgymiUCTLMoHKWlsDMTV/pQfKne/cw==",
      "funding": [
        {
          "type": "github",
          "url": "https://github.com/sponsors/ebaauw"
        },
        {
          "type": "paypal",
          "url": "https://www.paypal.me/ebaauw/EUR"
        }
      ],
      "license": "Apache-2.0",
      "dependencies": {
        "hb-lib-tools": "~2.2.17"
      },
      "bin": {
        "rpi": "cli/rpi.js"
      },
      "engines": {
        "node": "^24||^22||^20"
      }
    },
    "node_modules/homebridge-lib": {
      "version": "7.3.1",
      "resolved": "https://registry.npmjs.org/homebridge-lib/-/homebridge-lib-7.3.1.tgz",
      "integrity": "sha512-+rkRl9ISz8ZgwNBPLNokpil9AbKS9ZmoSDcXE/fSkwBIA5wi25URSTovDtrYRvmazEUZ6wVOWCkG6yCPyDuBCA==",
      "license": "Apache-2.0",
      "dependencies": {
        "@homebridge/plugin-ui-utils": "~2.1.3",
        "hb-lib-tools": "~2.2.17"
      },
      "bin": {
        "hap": "cli/hap.js",
        "json": "cli/json.js",
        "sysinfo": "cli/sysinfo.js",
        "upnp": "cli/upnp.js"
      },
      "engines": {
        "homebridge": "^1.11.2||^2.0.0-beta",
        "node": "24.13.1||^24||^22||^20"
      }
    },
    "node_modules/multicast-dns": {
      "version": "7.2.5",
      "resolved": "https://registry.npmjs.org/multicast-dns/-/multicast-dns-7.2.5.tgz",
      "integrity": "sha512-2eznPJP8z2BFLX50tf0LuODrpINqP1RVIm/CObbTcBRITQgmC/TjcREF1NeTBzIcR5XO/ukWo+YHOjBbFwIupg==",
      "license": "MIT",
      "dependencies": {
        "dns-packet": "^5.2.2",
        "thunky": "^1.0.2"
      },
      "bin": {
        "multicast-dns": "cli.js"
      }
    },
    "node_modules/multicast-dns-service-types": {
      "version": "1.1.0",
      "resolved": "https://registry.npmjs.org/multicast-dns-service-types/-/multicast-dns-service-types-1.1.0.tgz",
      "integrity": "sha512-cnAsSVxIDsYt0v7HmC0hWZFwwXSh+E6PgCrREDuN/EsjgLwA5XRmlMHhSiDPrt6HxY1gTivEa/Zh7GtODoLevQ==",
      "license": "MIT"
    },
    "node_modules/semver": {
      "version": "7.7.4",
      "resolved": "https://registry.npmjs.org/semver/-/semver-7.7.4.tgz",
      "integrity": "sha512-vFKC2IEtQnVhpT78h1Yp8wzwrf8CM+MzKMHGJZfBtzhZNycRFnXsHk6E5TxIkkMsgNS7mdX3AGB7x2QM2di4lA==",
      "license": "ISC",
      "bin": {
        "semver": "bin/semver.js"
      },
      "engines": {
        "node": ">=10"
      }
    },
    "node_modules/thunky": {
      "version": "1.1.0",
      "resolved": "https://registry.npmjs.org/thunky/-/thunky-1.1.0.tgz",
      "integrity": "sha512-eHY7nBftgThBqOyHGVN+l8gF0BucP09fMo0oO/Lb0w1OF80dJv+lDVpXG60WMQvkcxAkNybKsrEIE3ZtKGmPrA==",
      "license": "MIT"
    }
  }
}
