{
  "name": "homebridge-rpi",
  "version": "2.0.6",
  "lockfileVersion": 3,
  "requires": true,
  "packages": {
    "": {
      "name": "homebridge-rpi",
      "version": "2.0.6",
      "funding": [
        {
          "type": "github",
          "url": "https://github.com/sponsors/ebaauw"
        },
        {
          "type": "paypal",
          "url": "https://www.paypal.me/ebaauw/EUR"
        }
      ],
      "license": "Apache-2.0",
      "dependencies": {
        "hb-rpi-tools": "~1.0.6",
        "homebridge-lib": "~8.1.3"
      },
      "bin": {
        "rpi": "cli/rpi.js"
      },
      "engines": {
        "homebridge": "^2.1.1",
        "node": "^24||^22"
      }
    },
    "node_modules/@homebridge/plugin-ui-utils": {
      "version": "2.2.5",
      "resolved": "https://registry.npmjs.org/@homebridge/plugin-ui-utils/-/plugin-ui-utils-2.2.5.tgz",
      "integrity": "sha512-UMF7763fCQ8HvDH/cM6u2gFoyOiEOOxdnufW2nwW6i+it0tkfOLZWvWfUZ6Oa7XsyE2qSy4Bns49dbb64WRwoA==",
      "license": "MIT"
    },
    "node_modules/@leichtgewicht/ip-codec": {
      "version": "2.0.5",
      "resolved": "https://registry.npmjs.org/@leichtgewicht/ip-codec/-/ip-codec-2.0.5.tgz",
      "integrity": "sha512-Vo+PSpZG2/fmgmiNzYK9qWRh8h/CHrwD0mo1h1DzL4yzHNSfWYujGTYsWGreD000gcgmZ7K4Ys6Tx9TxtsKdDw==",
      "license": "MIT"
    },
    "node_modules/bonjour-hap": {
      "version": "3.10.4",
      "resolved": "https://registry.npmjs.org/bonjour-hap/-/bonjour-hap-3.10.4.tgz",
      "integrity": "sha512-300Ay6OMOeE0TGVimI1UuPMbmagMPcA8qR4c77YWY8M6cs7Skedu6Bhx5pcMQi1K1HUUdzTv3Rs4GD/OWxgdEw==",
      "license": "MIT",
      "dependencies": {
        "fast-deep-equal": "^3.1.3",
        "multicast-dns": "^7.2.5",
        "multicast-dns-service-types": "^1.1.0"
      }
    },
    "node_modules/chalk": {
      "version": "5.6.2",
      "resolved": "https://registry.npmjs.org/chalk/-/chalk-5.6.2.tgz",
      "integrity": "sha512-7NzBL0rN6fMUW+f7A6Io4h40qQlG+xGmtMxfbnH/K7TAtt8JQWVQK+6g0UXKMeVJoyV5EkkNsErQ8pVD3bLHbA==",
      "license": "MIT",
      "engines": {
        "node": "^12.17.0 || ^14.13 || >=16.0.0"
      },
      "funding": {
        "url": "https://github.com/chalk/chalk?sponsor=1"
      }
    },
    "node_modules/dns-packet": {
      "version": "5.6.1",
      "resolved": "https://registry.npmjs.org/dns-packet/-/dns-packet-5.6.1.tgz",
      "integrity": "sha512-l4gcSouhcgIKRvyy99RNVOgxXiicE+2jZoNmaNmZ6JXiGajBOJAesk1OBlJuM5k2c+eudGdLxDqXuPCKIj6kpw==",
      "license": "MIT",
      "dependencies": {
        "@leichtgewicht/ip-codec": "^2.0.1"
      },
      "engines": {
        "node": ">=6"
      }
    },
    "node_modules/fast-deep-equal": {
      "version": "3.1.3",
      "resolved": "https://registry.npmjs.org/fast-deep-equal/-/fast-deep-equal-3.1.3.tgz",
      "integrity": "sha512-f3qQ9oQy9j2AhBe/H9VC91wLmKBCCU/gDOnKNAYG5hswO7BLKj09Hc5HYNz9cGI++xlpDCIgDaitVs03ATR84Q==",
      "license": "MIT"
    },
    "node_modules/hb-lib-tools": {
      "version": "3.0.8",
      "resolved": "https://registry.npmjs.org/hb-lib-tools/-/hb-lib-tools-3.0.8.tgz",
      "integrity": "sha512-XC7ngmjZPj+vrdEjeaIolYn+gcGMPzPaxCr52nPzXP+UBEvj1z4IuBTCC3rn2LqN773uGHjEdgbaLVjFE6k42g==",
      "license": "Apache-2.0",
      "dependencies": {
        "bonjour-hap": "^3.10.4",
        "chalk": "^5.6.2",
        "semver": "^7.8.5"
      },
      "bin": {
        "hap": "cli/hap.js",
        "json": "cli/json.js",
        "sysinfo": "cli/sysinfo.js",
        "upnp": "cli/upnp.js"
      },
      "engines": {
        "node": "24.18.0||^24||^22"
      }
    },
    "node_modules/hb-rpi-tools": {
      "version": "1.0.6",
      "resolved": "https://registry.npmjs.org/hb-rpi-tools/-/hb-rpi-tools-1.0.6.tgz",
      "integrity": "sha512-y8pelOL9N2pNlIMGaFFjDkv1v97D821Wurq25vtMqrCoAyC26XBW6G0e45pAO33yxGnbVz+BwDM8+Vt78ZUglw==",
      "funding": [
        {
          "type": "github",
          "url": "https://github.com/sponsors/ebaauw"
        },
        {
          "type": "paypal",
          "url": "https://www.paypal.me/ebaauw/EUR"
        }
      ],
      "license": "Apache-2.0",
      "dependencies": {
        "hb-lib-tools": "~3.0.8"
      },
      "bin": {
        "rpi": "cli/rpi.js"
      },
      "engines": {
        "node": "^24||^22"
      }
    },
    "node_modules/homebridge-lib": {
      "version": "8.1.3",
      "resolved": "https://registry.npmjs.org/homebridge-lib/-/homebridge-lib-8.1.3.tgz",
      "integrity": "sha512-rOgKLP5zyfCAiDdMb/pjAVwS4+QyrhVxwt394NMaEc8x5Qvf7xYmog7fL0J1fpOLq73ldIo8ZOScoj1QvjAyzg==",
      "license": "Apache-2.0",
      "dependencies": {
        "@homebridge/plugin-ui-utils": "~2.2.5",
        "hb-lib-tools": "~3.0.8"
      },
      "bin": {
        "hap": "cli/hap.js",
        "json": "cli/json.js",
        "sysinfo": "cli/sysinfo.js",
        "upnp": "cli/upnp.js"
      },
      "engines": {
        "homebridge": "^2.1.1",
        "node": "24.18.0||^24||^22"
      }
    },
    "node_modules/multicast-dns": {
      "version": "7.2.5",
      "resolved": "https://registry.npmjs.org/multicast-dns/-/multicast-dns-7.2.5.tgz",
      "integrity": "sha512-2eznPJP8z2BFLX50tf0LuODrpINqP1RVIm/CObbTcBRITQgmC/TjcREF1NeTBzIcR5XO/ukWo+YHOjBbFwIupg==",
      "license": "MIT",
      "dependencies": {
        "dns-packet": "^5.2.2",
        "thunky": "^1.0.2"
      },
      "bin": {
        "multicast-dns": "cli.js"
      }
    },
    "node_modules/multicast-dns-service-types": {
      "version": "1.1.0",
      "resolved": "https://registry.npmjs.org/multicast-dns-service-types/-/multicast-dns-service-types-1.1.0.tgz",
      "integrity": "sha512-cnAsSVxIDsYt0v7HmC0hWZFwwXSh+E6PgCrREDuN/EsjgLwA5XRmlMHhSiDPrt6HxY1gTivEa/Zh7GtODoLevQ==",
      "license": "MIT"
    },
    "node_modules/semver": {
      "version": "7.8.5",
      "resolved": "https://registry.npmjs.org/semver/-/semver-7.8.5.tgz",
      "integrity": "sha512-Y7/KDsb8LjooZpwaqGyulO6DQlksgCncchHGk+sZIY4SBvUocMBEFH5Ur1fI4dV+Jvl0w6cjvucaIi40puRioA==",
      "license": "ISC",
      "bin": {
        "semver": "bin/semver.js"
      },
      "engines": {
        "node": ">=10"
      }
    },
    "node_modules/thunky": {
      "version": "1.1.0",
      "resolved": "https://registry.npmjs.org/thunky/-/thunky-1.1.0.tgz",
      "integrity": "sha512-eHY7nBftgThBqOyHGVN+l8gF0BucP09fMo0oO/Lb0w1OF80dJv+lDVpXG60WMQvkcxAkNybKsrEIE3ZtKGmPrA==",
      "license": "MIT"
    }
  }
}
